
Microsoft Visual Studio Solution File, Format Version 12.00
# Visual Studio Version 16
VisualStudioVersion = 16.0.31205.134
MinimumVisualStudioVersion = 10.0.40219.1
Project("{FAE04EC0-301F-11D3-BF4B-00C04F79EFBC}") = "Network", "Network.csproj", "{91147CB0-5D5A-4C67-B295-482F0982A595}"
EndProject
Project("{FAE04EC0-301F-11D3-BF4B-00C04F79EFBC}") = "DemoServer", "DemoServer\DemoServer.csproj", "{26336317-EAFC-4EE7-BCC6-FBB9E0A619E8}"
EndProject
Project("{FAE04EC0-301F-11D3-BF4B-00C04F79EFBC}") = "DemoClient", "DemoClient\DemoClient.csproj", "{FDABC331-1A45-47FE-BF6B-D9815D3E76F0}"
EndProject
Global
	GlobalSection(SolutionConfigurationPlatforms) = preSolution
		Debug|Any CPU = Debug|Any CPU
		Release|Any CPU = Release|Any CPU
	EndGlobalSection
	GlobalSection(ProjectConfigurationPlatforms) = postSolution
		{91147CB0-5D5A-4C67-B295-482F0982A595}.Debug|Any CPU.ActiveCfg = Debug|Any CPU
		{91147CB0-5D5A-4C67-B295-482F0982A595}.Debug|Any CPU.Build.0 = Debug|Any CPU
		{91147CB0-5D5A-4C67-B295-482F0982A595}.Release|Any CPU.ActiveCfg = Release|Any CPU
		{91147CB0-5D5A-4C67-B295-482F0982A595}.Release|Any CPU.Build.0 = Release|Any CPU
		{26336317-EAFC-4EE7-BCC6-FBB9E0A619E8}.Debug|Any CPU.ActiveCfg = Debug|Any CPU
		{26336317-EAFC-4EE7-BCC6-FBB9E0A619E8}.Debug|Any CPU.Build.0 = Debug|Any CPU
		{26336317-EAFC-4EE7-BCC6-FBB9E0A619E8}.Release|Any CPU.ActiveCfg = Release|Any CPU
		{26336317-EAFC-4EE7-BCC6-FBB9E0A619E8}.Release|Any CPU.Build.0 = Release|Any CPU
		{FDABC331-1A45-47FE-BF6B-D9815D3E76F0}.Debug|Any CPU.ActiveCfg = Debug|Any CPU
		{FDABC331-1A45-47FE-BF6B-D9815D3E76F0}.Debug|Any CPU.Build.0 = Debug|Any CPU
		{FDABC331-1A45-47FE-BF6B-D9815D3E76F0}.Release|Any CPU.ActiveCfg = Release|Any CPU
		{FDABC331-1A45-47FE-BF6B-D9815D3E76F0}.Release|Any CPU.Build.0 = Release|Any CPU
	EndGlobalSection
	GlobalSection(SolutionProperties) = preSolution
		HideSolutionNode = FALSE
	EndGlobalSection
	GlobalSection(ExtensibilityGlobals) = postSolution
		SolutionGuid = {29C590D7-095E-4CCC-94DE-4DBFFAFB0ED2}
	EndGlobalSection
EndGlobal
